
Microsoft Visual Studio Solution File, Format Version 12.00
# Visual Studio Version 17
VisualStudioVersion = 17.0.31919.166
MinimumVisualStudioVersion = 10.0.40219.1
Project("{FAE04EC0-301F-11D3-BF4B-00C04F79EFBC}") = "DevTeams_Repository", "DevTeams_Repository\DevTeams_Repository.csproj", "{9403F72F-911A-4BA8-A7D3-E0BA75166606}"
EndProject
Project("{FAE04EC0-301F-11D3-BF4B-00C04F79EFBC}") = "DevTeams_POCOs", "DevTeams_POCOs\DevTeams_POCOs.csproj", "{D101D9CB-42DA-4746-B48B-790F386A4964}"
EndProject
Project("{FAE04EC0-301F-11D3-BF4B-00C04F79EFBC}") = "DevTeams_UI", "ConseApp\DevTeams_UI.csproj", "{F5B81E9B-41B5-4213-9BA8-719FED909386}"
EndProject
Global
	GlobalSection(SolutionConfigurationPlatforms) = preSolution
		Debug|Any CPU = Debug|Any CPU
		Release|Any CPU = Release|Any CPU
	EndGlobalSection
	GlobalSection(ProjectConfigurationPlatforms) = postSolution
		{9403F72F-911A-4BA8-A7D3-E0BA75166606}.Debug|Any CPU.ActiveCfg = Debug|Any CPU
		{9403F72F-911A-4BA8-A7D3-E0BA75166606}.Debug|Any CPU.Build.0 = Debug|Any CPU
		{9403F72F-911A-4BA8-A7D3-E0BA75166606}.Release|Any CPU.ActiveCfg = Release|Any CPU
		{9403F72F-911A-4BA8-A7D3-E0BA75166606}.Release|Any CPU.Build.0 = Release|Any CPU
		{D101D9CB-42DA-4746-B48B-790F386A4964}.Debug|Any CPU.ActiveCfg = Debug|Any CPU
		{D101D9CB-42DA-4746-B48B-790F386A4964}.Debug|Any CPU.Build.0 = Debug|Any CPU
		{D101D9CB-42DA-4746-B48B-790F386A4964}.Release|Any CPU.ActiveCfg = Release|Any CPU
		{D101D9CB-42DA-4746-B48B-790F386A4964}.Release|Any CPU.Build.0 = Release|Any CPU
		{F5B81E9B-41B5-4213-9BA8-719FED909386}.Debug|Any CPU.ActiveCfg = Debug|Any CPU
		{F5B81E9B-41B5-4213-9BA8-719FED909386}.Debug|Any CPU.Build.0 = Debug|Any CPU
		{F5B81E9B-41B5-4213-9BA8-719FED909386}.Release|Any CPU.ActiveCfg = Release|Any CPU
		{F5B81E9B-41B5-4213-9BA8-719FED909386}.Release|Any CPU.Build.0 = Release|Any CPU
	EndGlobalSection
	GlobalSection(SolutionProperties) = preSolution
		HideSolutionNode = FALSE
	EndGlobalSection
	GlobalSection(ExtensibilityGlobals) = postSolution
		SolutionGuid = {09CEDDE1-0E42-409A-9544-9680709FFBD9}
	EndGlobalSection
EndGlobal
